[{<<"clj">>,
  {git,"git://github.com/lfex/clj.git",
       {ref,"b935818364ff9b2715345a050c97db81289ae628"}},
  2},
 {<<"color">>,
  {git,"git://github.com/julianduque/erlang-color",
       {ref,"e60f6302f795220f5f0bee86391ffee5274edec0"}},
  1},
 {<<"exemplar">>,
  {git,"git://github.com/lfex/exemplar.git",
       {ref,"5692e9ce9814617042882036c118ab3387bcf8d6"}},
  0},
 {<<"goldrush">>,
  {git,"git://github.com/DeadZen/goldrush.git",
       {ref,"212299233c7e7eb63a97be2777e1c05ebaa58dbe"}},
  2},
 {<<"kla">>,
  {git,"git://github.com/lfex/kla.git",
       {ref,"a8afc4f673809d89b6c4a374b972f54ef6b39bde"}},
  3},
 {<<"lager">>,
  {git,"git://github.com/basho/lager.git",
       {ref,"b2cb2735713e3021e0761623ff595d53a545438e"}},
  1},
 {<<"lcfg">>,
  {git,"git://github.com/lfex/lcfg.git",
       {ref,"9c647739744de0332539b71692abc84df5d486a9"}},
  1},
 {<<"lfe">>,
  {git,"git://github.com/rvirding/lfe.git",
       {ref,"b84e9a8a1db6ffdd0cfe593fc8ad440ef72a5511"}},
  2},
 {<<"lfest">>,
  {git,"git://github.com/lfex/lfest.git",
       {ref,"3901b7fcafed27cdc5e2c3cea4d5db4710d3fe9a"}},
  0},
 {<<"logjam">>,
  {git,"git://github.com/lfex/logjam.git",
       {ref,"568cc1d517795f98d19ffb46ca3b3ee5eab655dd"}},
  0},
 {<<"ltest">>,
  {git,"git://github.com/lfex/ltest.git",
       {ref,"a35a91b93ab391e95f1e3f9ca254e9982f3eea2f"}},
  2},
 {<<"lutil">>,
  {git,"git://github.com/lfex/lutil.git",
       {ref,"ebc8523047c53764c7daca6be187600fd381cbf9"}},
  1},
 {<<"yaws">>,
  {git,"git://github.com/oubiwann/yaws.git",
       {ref,"7f98c0510eb24fbf1e3e3859c01695dd71caad32"}},
  0}].
