{"1.2.0",
[{<<"elli">>,{pkg,<<"elli">>,<<"3.3.0">>},0},
 {<<"lfe">>,{pkg,<<"lfe">>,<<"2.0.1">>},0},
 {<<"logjam">>,{pkg,<<"logjam">>,<<"1.0.0">>},0}]}.
[
{pkg_hash,[
 {<<"elli">>, <<"089218762A7FF3D20AE81C8E911BD0F73EE4EE0ED85454226D1FC6B4FFF3B4F6">>},
 {<<"lfe">>, <<"C95185AC7E244EDB60C72CE96087D2D3FBC85334109B741790EF49F6A52E728A">>},
 {<<"logjam">>, <<"173FEC62E29B940B50D36A844A76A795D47837651C1E9BD1941119587C421702">>}]},
{pkg_hash_ext,[
 {<<"elli">>, <<"698B13B33D05661DB9FE7EFCBA41B84825A379CCE86E486CF6AFF9285BE0CCF8">>},
 {<<"lfe">>, <<"C3EA9732DF613186C14CAC840D25283B87914AE74D87AFCBA3230AAB41D25E9F">>},
 {<<"logjam">>, <<"903C7695E5C86BD60C0567C6C98B18DFA49CE9894309CC3F0F7B830E3C4BBC55">>}]}
].
